<?xml version="1.0" encoding="utf-8"?>
<Project ToolsVersion="4.0" xmlns="http://schemas.microsoft.com/developer/msbuild/2003">
  <ItemGroup>
    <Filter Include="Archivos de origen">
      <UniqueIdentifier>{4FC737F1-C7A5-4376-A066-2A32D752A2FF}</UniqueIdentifier>
      <Extensions>cpp;c;cc;cxx;c++;cppm;ixx;def;odl;idl;hpj;bat;asm;asmx</Extensions>
    </Filter>
    <Filter Include="Archivos de encabezado">
      <UniqueIdentifier>{93995380-89BD-4b04-88EB-625FBE52EBFB}</UniqueIdentifier>
      <Extensions>h;hh;hpp;hxx;h++;hm;inl;inc;ipp;xsd</Extensions>
    </Filter>
    <Filter Include="Archivos de recursos">
      <UniqueIdentifier>{67DA6AB6-F800-4c08-8B7A-83BB121AAD01}</UniqueIdentifier>
      <Extensions>rc;ico;cur;bmp;dlg;rc2;rct;bin;rgs;gif;jpg;jpeg;jpe;resx;tiff;tif;png;wav;mfcribbon-ms</Extensions>
    </Filter>
    <Filter Include="Entities">
      <UniqueIdentifier>{ebd53cbc-a0af-4a17-ab74-327c2aec96d4}</UniqueIdentifier>
    </Filter>
    <Filter Include="Input">
      <UniqueIdentifier>{40c3cec5-cb4b-443e-978d-7a96d142800c}</UniqueIdentifier>
    </Filter>
    <Filter Include="Interface">
      <UniqueIdentifier>{afc32992-72ba-421d-a98d-1fbb4e83719c}</UniqueIdentifier>
    </Filter>
    <Filter Include="Utilities">
      <UniqueIdentifier>{32d47f6d-a2bc-47cb-95ca-a9ba8e8d0110}</UniqueIdentifier>
    </Filter>
    <Filter Include="Screens">
      <UniqueIdentifier>{63e80f46-4f80-4829-a420-833bd1c28868}</UniqueIdentifier>
    </Filter>
    <Filter Include="Panels">
      <UniqueIdentifier>{9b8729c4-19fb-4679-a0c7-5c85b0af5e97}</UniqueIdentifier>
    </Filter>
    <Filter Include="Game">
      <UniqueIdentifier>{a6daeb2e-5ce5-4c60-8f46-3f4f0c8451fb}</UniqueIdentifier>
    </Filter>
  </ItemGroup>
  <ItemGroup>
    <ClCompile Include="src\screen\HowToPlayScreen.cpp">
      <Filter>Screens</Filter>
    </ClCompile>
    <ClCompile Include="src\screen\MainMenuScreen.cpp">
      <Filter>Screens</Filter>
    </ClCompile>
    <ClCompile Include="src\screen\CreditsScreen.cpp">
      <Filter>Screens</Filter>
    </ClCompile>
    <ClCompile Include="src\entities\Ball.cpp">
      <Filter>Entities</Filter>
    </ClCompile>
    <ClCompile Include="src\entities\Fish.cpp">
      <Filter>Entities</Filter>
    </ClCompile>
    <ClCompile Include="src\input\InputSystem.cpp">
      <Filter>Input</Filter>
    </ClCompile>
    <ClCompile Include="src\panel\PausePanel.cpp">
      <Filter>Panels</Filter>
    </ClCompile>
    <ClCompile Include="src\panel\GameOverPanel.cpp">
      <Filter>Panels</Filter>
    </ClCompile>
    <ClCompile Include="src\panel\ExitPanel.cpp">
      <Filter>Panels</Filter>
    </ClCompile>
    <ClCompile Include="src\screen\GameplayScreen.cpp">
      <Filter>Screens</Filter>
    </ClCompile>
    <ClCompile Include="src\interface\Button.cpp">
      <Filter>Interface</Filter>
    </ClCompile>
    <ClCompile Include="src\entities\PowerItem.cpp">
      <Filter>Entities</Filter>
    </ClCompile>
    <ClCompile Include="src\entities\Pallette.cpp">
      <Filter>Entities</Filter>
    </ClCompile>
    <ClCompile Include="src\panel\GeneralRulesPanel.cpp">
      <Filter>Panels</Filter>
    </ClCompile>
    <ClCompile Include="src\panel\KeyRulesPanel.cpp">
      <Filter>Panels</Filter>
    </ClCompile>
    <ClCompile Include="src\panel\SpellRulesPanel.cpp">
      <Filter>Panels</Filter>
    </ClCompile>
    <ClCompile Include="src\Game.cpp">
      <Filter>Game</Filter>
    </ClCompile>
    <ClCompile Include="src\main.cpp">
      <Filter>Game</Filter>
    </ClCompile>
  </ItemGroup>
  <ItemGroup>
    <ClInclude Include="src\screen\MainMenuScreen.h">
      <Filter>Screens</Filter>
    </ClInclude>
    <ClInclude Include="src\screen\GameplayScreen.h">
      <Filter>Screens</Filter>
    </ClInclude>
    <ClInclude Include="src\screen\HowToPlayScreen.h">
      <Filter>Screens</Filter>
    </ClInclude>
    <ClInclude Include="src\entities\Pallette.h">
      <Filter>Entities</Filter>
    </ClInclude>
    <ClInclude Include="src\entities\Ball.h">
      <Filter>Entities</Filter>
    </ClInclude>
    <ClInclude Include="src\entities\Fish.h">
      <Filter>Entities</Filter>
    </ClInclude>
    <ClInclude Include="src\input\InputSystem.h">
      <Filter>Input</Filter>
    </ClInclude>
    <ClInclude Include="src\panel\ExitPanel.h">
      <Filter>Panels</Filter>
    </ClInclude>
    <ClInclude Include="src\panel\GameOverPanel.h">
      <Filter>Panels</Filter>
    </ClInclude>
    <ClInclude Include="src\panel\PausePanel.h">
      <Filter>Panels</Filter>
    </ClInclude>
    <ClInclude Include="src\screen\CreditsScreen.h">
      <Filter>Screens</Filter>
    </ClInclude>
    <ClInclude Include="src\interface\Button.h">
      <Filter>Interface</Filter>
    </ClInclude>
    <ClInclude Include="src\utilities\Constants.h">
      <Filter>Utilities</Filter>
    </ClInclude>
    <ClInclude Include="src\entities\PowerItem.h">
      <Filter>Entities</Filter>
    </ClInclude>
    <ClInclude Include="src\panel\GeneralRulesPanel.h">
      <Filter>Panels</Filter>
    </ClInclude>
    <ClInclude Include="src\panel\KeyRulesPanel.h">
      <Filter>Panels</Filter>
    </ClInclude>
    <ClInclude Include="src\panel\SpellRulesPanel.h">
      <Filter>Panels</Filter>
    </ClInclude>
    <ClInclude Include="src\Game.h">
      <Filter>Game</Filter>
    </ClInclude>
  </ItemGroup>
</Project>